{
    "_meta": {
        "hash": {
            "sha256": "375e7b551aa768259351cdffa2da32b65f4c454f0b999bdefc6ca4cb820052c7"
        },
        "pipfile-spec": 6,
        "requires": {
            "python_version": "3.6"
        },
        "sources": [
            {
                "name": "pypi",
                "url": "https://pypi.python.org/simple",
                "verify_ssl": true
            }
        ]
    },
    "default": {
        "alembic": {
            "hashes": [
                "sha256:85bd3ea7633024e4930900bc64fb58f9742dedbc6ebb6ecf25be2ea9a3c1b32e"
            ],
            "version": "==0.9.9"
        },
        "backcall": {
            "hashes": [
                "sha256:38ecd85be2c1e78f77fd91700c76e14667dc21e2713b63876c0eb901196e01e4",
                "sha256:bbbf4b1e5cd2bdb08f915895b51081c041bac22394fdfcfdfbe9f14b77c08bf2"
            ],
            "version": "==0.1.0"
        },
        "blinker": {
            "hashes": [
                "sha256:471aee25f3992bd325afa3772f1063dbdbbca947a041b8b89466dc00d606f8b6"
            ],
            "version": "==1.4"
        },
        "certifi": {
            "hashes": [
                "sha256:14131608ad2fd56836d33a71ee60fa1c82bc9d2c8d98b7bdbc631fe1b3cd1296",
                "sha256:edbc3f203427eef571f79a7692bb160a2b0f7ccaa31953e99bd17e307cf63f7d"
            ],
            "version": "==2018.1.18"
        },
        "chardet": {
            "hashes": [
                "sha256:84ab92ed1c4d4f16916e05906b6b75a6c0fb5db821cc65e70cbd64a3e2a5eaae",
                "sha256:fc323ffcaeaed0e0a02bf4d117757b98aed530d9ed4531e3e15460124c106691"
            ],
            "version": "==3.0.4"
        },
        "click": {
            "hashes": [
                "sha256:29f99fc6125fbc931b758dc053b3114e55c77a6e4c6c3a2674a2dc986016381d",
                "sha256:f15516df478d5a56180fbf80e68f206010e6d160fc39fa508b65e035fd75130b"
            ],
            "version": "==6.7"
        },
        "decorator": {
            "hashes": [
                "sha256:7d46dd9f3ea1cf5f06ee0e4e1277ae618cf48dfb10ada7c8427cd46c42702a0e",
                "sha256:94d1d8905f5010d74bbbd86c30471255661a14187c45f8d7f3e5aa8540fdb2e5"
            ],
            "version": "==4.2.1"
        },
        "flask": {
            "hashes": [
                "sha256:6c3130c8927109a08225993e4e503de4ac4f2678678ae211b33b519c622a7242",
                "sha256:9dce4b6bfbb5b062181d3f7da8f727ff70c1156cbb4024351eafd426deb5fb88"
            ],
            "index": "pypi",
            "version": "==0.12.1"
        },
        "flask-cors": {
            "hashes": [
                "sha256:55eb3864b4290f939ff19a2250fcb47d8c0f63d250c6780b922629299d011ec8",
                "sha256:62ebc5ad80dc21ca0ea9f57466c2c74e24a62274af890b391790c260eb7b754b",
                "sha256:ac4b81b3d90f5f18714c995c807f94501df8c9bbc22ef4261c1cd850748c3850"
            ],
            "index": "pypi",
            "version": "==3.0.3"
        },
        "flask-mail": {
            "hashes": [
                "sha256:22e5eb9a940bf407bcf30410ecc3708f3c56cc44b29c34e1726fe85006935f41"
            ],
            "index": "pypi",
            "version": "==0.9.1"
        },
        "flask-migrate": {
            "hashes": [
                "sha256:331f1facf93712b6a3067eac382e645b1ef09e9a6d34da447acb6a3c293afd80"
            ],
            "index": "pypi",
            "version": "==2.0.3"
        },
        "flask-script": {
            "hashes": [
                "sha256:cef76eac751396355429a14c38967bb14d4973c53e07dec94af5cc8fb017107f"
            ],
            "index": "pypi",
            "version": "==2.0.5"
        },
        "flask-sqlalchemy": {
            "hashes": [
                "sha256:f0d8241efba723d7b878f73550f5d3c0fbb042416123b52b36640b7491fa208b",
                "sha256:fa3bd6343de231b2b3376a276df6d331c63c766449b660fc04d375a1c21312ac"
            ],
            "index": "pypi",
            "version": "==2.2"
        },
        "flask-wtf": {
            "hashes": [
                "sha256:5d14d55cfd35f613d99ee7cba0fc3fbbe63ba02f544d349158c14ca15561cc36",
                "sha256:d9a9e366b32dcbb98ef17228e76be15702cd2600675668bca23f63a7947fd5ac"
            ],
            "index": "pypi",
            "version": "==0.14.2"
        },
        "gunicorn": {
            "hashes": [
                "sha256:75af03c99389535f218cc596c7de74df4763803f7b63eb09d77e92b3956b36c6",
                "sha256:eee1169f0ca667be05db3351a0960765620dad53f53434262ff8901b68a1b622"
            ],
            "index": "pypi",
            "version": "==19.7.1"
        },
        "idna": {
            "hashes": [
                "sha256:2c6a5de3089009e3da7c5dde64a141dbc8551d5b7f6cf4ed7c2568d0cc520a8f",
                "sha256:8c7309c718f94b3a625cb648ace320157ad16ff131ae0af362c9f21b80ef6ec4"
            ],
            "version": "==2.6"
        },
        "ipdb": {
            "hashes": [
                "sha256:7081c65ed7bfe7737f83fa4213ca8afd9617b42ff6b3f1daf9a3419839a2a00a"
            ],
            "index": "pypi",
            "version": "==0.11"
        },
        "ipython": {
            "hashes": [
                "sha256:85882f97d75122ff8cdfe129215a408085a26039527110c8d4a2b8a5e45b7639",
                "sha256:a6ac981381b3f5f604b37a293369963485200e3639fb0404fa76092383c10c41"
            ],
            "version": "==6.3.1"
        },
        "ipython-genutils": {
            "hashes": [
                "sha256:72dd37233799e619666c9f639a9da83c34013a73e8bbc79a7a6348d93c61fab8",
                "sha256:eb2e116e75ecef9d4d228fdc66af54269afa26ab4463042e33785b887c628ba8"
            ],
            "version": "==0.2.0"
        },
        "itsdangerous": {
            "hashes": [
                "sha256:cbb3fcf8d3e33df861709ecaf89d9e6629cff0a217bc2848f1b41cd30d360519"
            ],
            "version": "==0.24"
        },
        "jedi": {
            "hashes": [
                "sha256:d6e799d04d1ade9459ed0f20de47c32f2285438956a677d083d3c98def59fa97",
                "sha256:d795f2c2e659f5ea39a839e5230d70a0b045d0daee7ca2403568d8f348d0ad89"
            ],
            "version": "==0.11.1"
        },
        "jinja2": {
            "hashes": [
                "sha256:74c935a1b8bb9a3947c50a54766a969d4846290e1e788ea44c1392163723c3bd",
                "sha256:f84be1bb0040caca4cea721fcbbbbd61f9be9464ca236387158b0feea01914a4"
            ],
            "version": "==2.10"
        },
        "mako": {
            "hashes": [
                "sha256:4e02fde57bd4abb5ec400181e4c314f56ac3e49ba4fb8b0d50bba18cb27d25ae"
            ],
            "version": "==1.0.7"
        },
        "markupsafe": {
            "hashes": [
                "sha256:a6be69091dac236ea9c6bc7d012beab42010fa914c459791d627dad4910eb665"
            ],
            "version": "==1.0"
        },
        "mysql-connector-python": {
            "hashes": [
                "sha256:0c1c167372692af6153c8d4df2d2d5b292f007149cbbef127e34b7f10bf04847",
                "sha256:11bbcc90186a14a83c4f41344ee34d2cb72f85f73ee3d4b15cd7985af06b7cb9",
                "sha256:14e9cf1d5cc0be363cad1a1d440f08bc270a5605d7f53110986d10f416eb1a54",
                "sha256:16bc2f36ecdc115c07fd84046df5bc657e23346ca4c22e0b0266f8c64b9491b4",
                "sha256:18a276406d2add95a22f951ba74a7c5b45b893509b5c175acdbb6617700e4325",
                "sha256:2125272c10e380fcf45bd8620e2d1b7ac2b9f27c20ede0e72b45a04c4af60401",
                "sha256:344a62ab7e72f9d869ee8658fd31ce3907075838fa95a1b64ab5649a039a5a71",
                "sha256:3d98e3f5ced7448a3f8235e1dc50c96a15f9e6460c8eb31d7b6f1a8f511913e9",
                "sha256:5bffd9d76fc7635e9c672351f84b6a57ee425815574c0e97225a0422908d2286",
                "sha256:64352bf2e4863f3a295b199b72ccfeaa859e33e670665df16370ec5af51d91c4",
                "sha256:6cc31feb0b5b10fabe42a0509a6ee966408f2236436399a01d9726a9e0b71886",
                "sha256:6db67834edf833c40ff6bc25f20ccf7215f62720f258e2670370099d90e4510c",
                "sha256:706f39000c1d44f3119c982939e683ec05e24fd5e4f6de81046244f0bc459763",
                "sha256:8ff6e5110286d2b1d9b5afcbc1afae1f84c12eba1068824432b9caec34bc8f59",
                "sha256:99f3cd6202d9b357e2d4d437b4772029e995a514bc04c44058d4958b7a2548ce",
                "sha256:a48b6bb37a06875ccf5434cbaf14f87d73e2fe7b9f5931ff5f3d6083172f7570",
                "sha256:ae510d475dd7f20468d969553c18af6186c39aa1a49cdfbeaaceb8a036e9e77e",
                "sha256:e7588a3ee72f2084859e5cca123c183db07a0d5892627b4e3ba1ea0255362017"
            ],
            "index": "pypi",
            "version": "==8.0.6"
        },
        "parso": {
            "hashes": [
                "sha256:5815f3fe254e5665f3c5d6f54f086c2502035cb631a91341591b5a564203cffb",
                "sha256:a7bb86fe0844304869d1c08e8bd0e52be931228483025c422917411ab82d628a"
            ],
            "version": "==0.1.1"
        },
        "pexpect": {
            "hashes": [
                "sha256:67b85a1565968e3d5b5e7c9283caddc90c3947a2625bed1905be27bd5a03e47d",
                "sha256:6ff881b07aff0cb8ec02055670443f784434395f90c3285d2ae470f921ade52a"
            ],
            "markers": "sys_platform != 'win32'",
            "version": "==4.4.0"
        },
        "pickleshare": {
            "hashes": [
                "sha256:84a9257227dfdd6fe1b4be1319096c20eb85ff1e82c7932f36efccfe1b09737b",
                "sha256:c9a2541f25aeabc070f12f452e1f2a8eae2abd51e1cd19e8430402bdf4c1d8b5"
            ],
            "version": "==0.7.4"
        },
        "prompt-toolkit": {
            "hashes": [
                "sha256:1df952620eccb399c53ebb359cc7d9a8d3a9538cb34c5a1344bdbeb29fbcc381",
                "sha256:3f473ae040ddaa52b52f97f6b4a493cfa9f5920c255a12dc56a7d34397a398a4",
                "sha256:858588f1983ca497f1cf4ffde01d978a3ea02b01c8a26a8bbc5cd2e66d816917"
            ],
            "version": "==1.0.15"
        },
        "ptyprocess": {
            "hashes": [
                "sha256:e64193f0047ad603b71f202332ab5527c5e52aa7c8b609704fc28c0dc20c4365",
                "sha256:e8c43b5eee76b2083a9badde89fd1bbce6c8942d1045146e100b7b5e014f4f1a"
            ],
            "version": "==0.5.2"
        },
        "pygments": {
            "hashes": [
                "sha256:78f3f434bcc5d6ee09020f92ba487f95ba50f1e3ef83ae96b9d5ffa1bab25c5d",
                "sha256:dbae1046def0efb574852fab9e90209b23f556367b5a320c0bcb871c77c3e8cc"
            ],
            "version": "==2.2.0"
        },
        "pyrss2gen": {
            "hashes": [
                "sha256:7960aed7e998d2482bf58716c316509786f596426f879b05f8d84e98b82c6ee7"
            ],
            "index": "pypi",
            "version": "==1.1"
        },
        "python-dateutil": {
            "hashes": [
                "sha256:3220490fb9741e2342e1cf29a503394fdac874bc39568288717ee67047ff29df",
                "sha256:9d8074be4c993fbe4947878ce593052f71dac82932a677d49194d8ce9778002e"
            ],
            "version": "==2.7.2"
        },
        "python-editor": {
            "hashes": [
                "sha256:a3c066acee22a1c94f63938341d4fb374e3fdd69366ed6603d7b24bed1efc565"
            ],
            "version": "==1.0.3"
        },
        "requests": {
            "hashes": [
                "sha256:6a1b267aa90cac58ac3a765d067950e7dbbf75b1da07e895d1f594193a40a38b",
                "sha256:9c443e7324ba5b85070c4a818ade28bfabedf16ea10206da1132edaa6dda237e"
            ],
            "index": "pypi",
            "version": "==2.18.4"
        },
        "rfeed": {
            "hashes": [
                "sha256:aa9506f2866b74f5a322d394a14a63c19a6825c2d94755ff19d46dd1e2434819"
            ],
            "index": "pypi",
            "version": "==1.1.1"
        },
        "simplegeneric": {
            "hashes": [
                "sha256:dc972e06094b9af5b855b3df4a646395e43d1c9d0d39ed345b7393560d0b9173"
            ],
            "version": "==0.8.1"
        },
        "six": {
            "hashes": [
                "sha256:70e8a77beed4562e7f14fe23a786b54f6296e34344c23bc42f07b15018ff98e9",
                "sha256:832dc0e10feb1aa2c68dcc57dbb658f1c7e65b9b61af69048abc87a2db00a0eb"
            ],
            "version": "==1.11.0"
        },
        "sqlalchemy": {
            "hashes": [
                "sha256:7cb00cc9b9f92ef8b4391c8a2051f81eeafefe32d63c6b395fd51401e9a39edb"
            ],
            "version": "==1.2.6"
        },
        "traitlets": {
            "hashes": [
                "sha256:9c4bd2d267b7153df9152698efb1050a5d84982d3384a37b2c1f7723ba3e7835",
                "sha256:c6cb5e6f57c5a9bdaa40fa71ce7b4af30298fbab9ece9815b5d995ab6217c7d9"
            ],
            "version": "==4.3.2"
        },
        "urllib3": {
            "hashes": [
                "sha256:06330f386d6e4b195fbfc736b297f58c5a892e4440e54d294d7004e3a9bbea1b",
                "sha256:cc44da8e1145637334317feebd728bd869a35285b93cbb4cca2577da7e62db4f"
            ],
            "version": "==1.22"
        },
        "wcwidth": {
            "hashes": [
                "sha256:3df37372226d6e63e1b1e1eda15c594bca98a22d33a23832a90998faa96bc65e",
                "sha256:f4ebe71925af7b40a864553f761ed559b43544f8f71746c2d756c7fe788ade7c"
            ],
            "version": "==0.1.7"
        },
        "werkzeug": {
            "hashes": [
                "sha256:c3fd7a7d41976d9f44db327260e263132466836cef6f91512889ed60ad26557c",
                "sha256:d5da73735293558eb1651ee2fddc4d0dedcfa06538b8813a2e20011583c9e49b"
            ],
            "version": "==0.14.1"
        },
        "wtforms": {
            "hashes": [
                "sha256:ffdf10bd1fa565b8233380cb77a304cd36fd55c73023e91d4b803c96bc11d46f"
            ],
            "version": "==2.1"
        }
    },
    "develop": {
        "backcall": {
            "hashes": [
                "sha256:38ecd85be2c1e78f77fd91700c76e14667dc21e2713b63876c0eb901196e01e4",
                "sha256:bbbf4b1e5cd2bdb08f915895b51081c041bac22394fdfcfdfbe9f14b77c08bf2"
            ],
            "version": "==0.1.0"
        },
        "decorator": {
            "hashes": [
                "sha256:7d46dd9f3ea1cf5f06ee0e4e1277ae618cf48dfb10ada7c8427cd46c42702a0e",
                "sha256:94d1d8905f5010d74bbbd86c30471255661a14187c45f8d7f3e5aa8540fdb2e5"
            ],
            "version": "==4.2.1"
        },
        "ipdb": {
            "hashes": [
                "sha256:7081c65ed7bfe7737f83fa4213ca8afd9617b42ff6b3f1daf9a3419839a2a00a"
            ],
            "index": "pypi",
            "version": "==0.11"
        },
        "ipython": {
            "hashes": [
                "sha256:85882f97d75122ff8cdfe129215a408085a26039527110c8d4a2b8a5e45b7639",
                "sha256:a6ac981381b3f5f604b37a293369963485200e3639fb0404fa76092383c10c41"
            ],
            "version": "==6.3.1"
        },
        "ipython-genutils": {
            "hashes": [
                "sha256:72dd37233799e619666c9f639a9da83c34013a73e8bbc79a7a6348d93c61fab8",
                "sha256:eb2e116e75ecef9d4d228fdc66af54269afa26ab4463042e33785b887c628ba8"
            ],
            "version": "==0.2.0"
        },
        "jedi": {
            "hashes": [
                "sha256:d6e799d04d1ade9459ed0f20de47c32f2285438956a677d083d3c98def59fa97",
                "sha256:d795f2c2e659f5ea39a839e5230d70a0b045d0daee7ca2403568d8f348d0ad89"
            ],
            "version": "==0.11.1"
        },
        "parso": {
            "hashes": [
                "sha256:5815f3fe254e5665f3c5d6f54f086c2502035cb631a91341591b5a564203cffb",
                "sha256:a7bb86fe0844304869d1c08e8bd0e52be931228483025c422917411ab82d628a"
            ],
            "version": "==0.1.1"
        },
        "pexpect": {
            "hashes": [
                "sha256:67b85a1565968e3d5b5e7c9283caddc90c3947a2625bed1905be27bd5a03e47d",
                "sha256:6ff881b07aff0cb8ec02055670443f784434395f90c3285d2ae470f921ade52a"
            ],
            "markers": "sys_platform != 'win32'",
            "version": "==4.4.0"
        },
        "pickleshare": {
            "hashes": [
                "sha256:84a9257227dfdd6fe1b4be1319096c20eb85ff1e82c7932f36efccfe1b09737b",
                "sha256:c9a2541f25aeabc070f12f452e1f2a8eae2abd51e1cd19e8430402bdf4c1d8b5"
            ],
            "version": "==0.7.4"
        },
        "prompt-toolkit": {
            "hashes": [
                "sha256:1df952620eccb399c53ebb359cc7d9a8d3a9538cb34c5a1344bdbeb29fbcc381",
                "sha256:3f473ae040ddaa52b52f97f6b4a493cfa9f5920c255a12dc56a7d34397a398a4",
                "sha256:858588f1983ca497f1cf4ffde01d978a3ea02b01c8a26a8bbc5cd2e66d816917"
            ],
            "version": "==1.0.15"
        },
        "ptyprocess": {
            "hashes": [
                "sha256:e64193f0047ad603b71f202332ab5527c5e52aa7c8b609704fc28c0dc20c4365",
                "sha256:e8c43b5eee76b2083a9badde89fd1bbce6c8942d1045146e100b7b5e014f4f1a"
            ],
            "version": "==0.5.2"
        },
        "pygments": {
            "hashes": [
                "sha256:78f3f434bcc5d6ee09020f92ba487f95ba50f1e3ef83ae96b9d5ffa1bab25c5d",
                "sha256:dbae1046def0efb574852fab9e90209b23f556367b5a320c0bcb871c77c3e8cc"
            ],
            "version": "==2.2.0"
        },
        "simplegeneric": {
            "hashes": [
                "sha256:dc972e06094b9af5b855b3df4a646395e43d1c9d0d39ed345b7393560d0b9173"
            ],
            "version": "==0.8.1"
        },
        "six": {
            "hashes": [
                "sha256:70e8a77beed4562e7f14fe23a786b54f6296e34344c23bc42f07b15018ff98e9",
                "sha256:832dc0e10feb1aa2c68dcc57dbb658f1c7e65b9b61af69048abc87a2db00a0eb"
            ],
            "version": "==1.11.0"
        },
        "traitlets": {
            "hashes": [
                "sha256:9c4bd2d267b7153df9152698efb1050a5d84982d3384a37b2c1f7723ba3e7835",
                "sha256:c6cb5e6f57c5a9bdaa40fa71ce7b4af30298fbab9ece9815b5d995ab6217c7d9"
            ],
            "version": "==4.3.2"
        },
        "wcwidth": {
            "hashes": [
                "sha256:3df37372226d6e63e1b1e1eda15c594bca98a22d33a23832a90998faa96bc65e",
                "sha256:f4ebe71925af7b40a864553f761ed559b43544f8f71746c2d756c7fe788ade7c"
            ],
            "version": "==0.1.7"
        }
    }
}
